
Microsoft Visual Studio Solution File, Format Version 12.00
# Visual Studio 15
VisualStudioVersion = 15.0.27004.2008
MinimumVisualStudioVersion = 10.0.40219.1
Project("{FAE04EC0-301F-11D3-BF4B-00C04F79EFBC}") = "TPL_Workshop", "TPL_Workshop\TPL_Workshop.csproj", "{2AA190E5-6977-4661-A2A1-3A14FBCDA4BF}"
EndProject
Global
	GlobalSection(SolutionConfigurationPlatforms) = preSolution
		Debug|Any CPU = Debug|Any CPU
		Release|Any CPU = Release|Any CPU
	EndGlobalSection
	GlobalSection(ProjectConfigurationPlatforms) = postSolution
		{2AA190E5-6977-4661-A2A1-3A14FBCDA4BF}.Debug|Any CPU.ActiveCfg = Debug|Any CPU
		{2AA190E5-6977-4661-A2A1-3A14FBCDA4BF}.Debug|Any CPU.Build.0 = Debug|Any CPU
		{2AA190E5-6977-4661-A2A1-3A14FBCDA4BF}.Release|Any CPU.ActiveCfg = Release|Any CPU
		{2AA190E5-6977-4661-A2A1-3A14FBCDA4BF}.Release|Any CPU.Build.0 = Release|Any CPU
	EndGlobalSection
	GlobalSection(SolutionProperties) = preSolution
		HideSolutionNode = FALSE
	EndGlobalSection
	GlobalSection(ExtensibilityGlobals) = postSolution
		SolutionGuid = {849D519A-1702-4AB2-AC0B-CBEC22238954}
	EndGlobalSection
EndGlobal
